
Microsoft Visual Studio Solution File, Format Version 12.00
# Visual Studio 2015
Project("{FAE04EC0-301F-11D3-BF4B-00C04F79EFBC}") = "[A Brave New World]", "[A Brave New World].csproj", "{8E1CE7CC-D274-7A28-EEA5-F1CD5A9A562D}"
EndProject
Project("{FAE04EC0-301F-11D3-BF4B-00C04F79EFBC}") = "[A Brave New World].Editor", "[A Brave New World].Editor.csproj", "{92D9B5F4-D74F-9149-2E1D-189EC2863D28}"
EndProject
Global
	GlobalSection(SolutionConfigurationPlatforms) = preSolution
		Debug|Any CPU = Debug|Any CPU
		Release|Any CPU = Release|Any CPU
	EndGlobalSection
	GlobalSection(ProjectConfigurationPlatforms) = postSolution
		{8E1CE7CC-D274-7A28-EEA5-F1CD5A9A562D}.Debug|Any CPU.ActiveCfg = Debug|Any CPU
		{8E1CE7CC-D274-7A28-EEA5-F1CD5A9A562D}.Debug|Any CPU.Build.0 = Debug|Any CPU
		{8E1CE7CC-D274-7A28-EEA5-F1CD5A9A562D}.Release|Any CPU.ActiveCfg = Release|Any CPU
		{8E1CE7CC-D274-7A28-EEA5-F1CD5A9A562D}.Release|Any CPU.Build.0 = Release|Any CPU
		{92D9B5F4-D74F-9149-2E1D-189EC2863D28}.Debug|Any CPU.ActiveCfg = Debug|Any CPU
		{92D9B5F4-D74F-9149-2E1D-189EC2863D28}.Debug|Any CPU.Build.0 = Debug|Any CPU
		{92D9B5F4-D74F-9149-2E1D-189EC2863D28}.Release|Any CPU.ActiveCfg = Release|Any CPU
		{92D9B5F4-D74F-9149-2E1D-189EC2863D28}.Release|Any CPU.Build.0 = Release|Any CPU
	EndGlobalSection
	GlobalSection(SolutionProperties) = preSolution
		HideSolutionNode = FALSE
	EndGlobalSection
EndGlobal
